<?xml version="1.0" encoding="utf-8"?>
<Project ToolsVersion="4.0" xmlns="http://schemas.microsoft.com/developer/msbuild/2003">
  <ItemGroup>
    <ClCompile Include="ArcheryCamera.cpp">
      <Filter>Source</Filter>
    </ClCompile>
    <ClCompile Include="Camera.cpp">
      <Filter>Source</Filter>
    </ClCompile>
    <ClCompile Include="ChewyEntity.cpp">
      <Filter>Source</Filter>
    </ClCompile>
    <ClCompile Include="ChewyMovementComponent.cpp">
      <Filter>Source</Filter>
    </ClCompile>
    <ClCompile Include="DebugCamera.cpp">
      <Filter>Source</Filter>
    </ClCompile>
    <ClCompile Include="GLSL.cpp">
      <Filter>Source</Filter>
    </ClCompile>
    <ClCompile Include="GuardEntity.cpp">
      <Filter>Source</Filter>
    </ClCompile>
    <ClCompile Include="main.cpp">
      <Filter>Source</Filter>
    </ClCompile>
    <ClCompile Include="Material.cpp">
      <Filter>Source</Filter>
    </ClCompile>
    <ClCompile Include="Mesh.cpp">
      <Filter>Source</Filter>
    </ClCompile>
    <ClCompile Include="MeshSet.cpp">
      <Filter>Source</Filter>
    </ClCompile>
    <ClCompile Include="PlayerCamera.cpp">
      <Filter>Source</Filter>
    </ClCompile>
    <ClCompile Include="Timer.cpp">
      <Filter>Source</Filter>
    </ClCompile>
    <ClCompile Include="World.cpp">
      <Filter>Source</Filter>
    </ClCompile>
    <ClCompile Include="Shader.cpp">
      <Filter>Source</Filter>
    </ClCompile>
    <ClCompile Include="PhongShader.cpp">
      <Filter>Source</Filter>
    </ClCompile>
    <ClCompile Include="ProjectileMovementComponent.cpp">
      <Filter>Source</Filter>
    </ClCompile>
    <ClCompile Include="ProjectileEntity.cpp">
      <Filter>Source</Filter>
    </ClCompile>
    <ClCompile Include="ObstacleEntity.cpp">
      <Filter>Source</Filter>
    </ClCompile>
    <ClCompile Include="GameEntity.cpp">
      <Filter>Source</Filter>
    </ClCompile>
    <ClCompile Include="tdogl\bitmap.cpp">
      <Filter>Source</Filter>
    </ClCompile>
    <ClCompile Include="tdogl\stb_image.c">
      <Filter>Source</Filter>
    </ClCompile>
    <ClCompile Include="tdogl\Texture.cpp">
      <Filter>Source</Filter>
    </ClCompile>
    <ClCompile Include="OctTree.cpp">
      <Filter>Source</Filter>
    </ClCompile>
    <ClCompile Include="Voxel.cpp">
      <Filter>Source</Filter>
    </ClCompile>
    <ClCompile Include="DebugShader.cpp">
      <Filter>Source</Filter>
    </ClCompile>
    <ClCompile Include="TextureDebugShader.cpp">
      <Filter>Source</Filter>
    </ClCompile>
    <ClCompile Include="BoundingBox.cpp">
      <Filter>Source</Filter>
    </ClCompile>
    <ClCompile Include="CollisionHandler.h">
      <Filter>Headers</Filter>
    </ClCompile>
    <ClCompile Include="Skybox.cpp">
      <Filter>Source</Filter>
    </ClCompile>
    <ClCompile Include="SimpleTextureShader.cpp">
      <Filter>Source</Filter>
    </ClCompile>
    <ClCompile Include="ChewyAnimationComponent.cpp">
      <Filter>Source</Filter>
    </ClCompile>
    <ClCompile Include="Light.cpp">
      <Filter>Source</Filter>
    </ClCompile>
    <ClCompile Include="DeferredShader.cpp">
      <Filter>DeferredShader</Filter>
    </ClCompile>
    <ClCompile Include="DeferredRenderer.cpp">
      <Filter>DeferredShader</Filter>
    </ClCompile>
    <ClCompile Include="StencilShader.cpp">
      <Filter>DeferredShader</Filter>
    </ClCompile>
    <ClCompile Include="GBuffer.cpp">
      <Filter>DeferredShader</Filter>
    </ClCompile>
    <ClCompile Include="LightEntity.cpp">
      <Filter>Source</Filter>
    </ClCompile>
  </ItemGroup>
  <ItemGroup>
    <ClInclude Include="ArcheryCamera.h">
      <Filter>Headers</Filter>
    </ClInclude>
    <ClInclude Include="ChewyEntity.h">
      <Filter>Headers</Filter>
    </ClInclude>
    <ClInclude Include="Camera.h">
      <Filter>Headers</Filter>
    </ClInclude>
    <ClInclude Include="ChewyMovementComponent.h">
      <Filter>Headers</Filter>
    </ClInclude>
    <ClInclude Include="Component.h">
      <Filter>Headers</Filter>
    </ClInclude>
    <ClInclude Include="GameEntity.h">
      <Filter>Headers</Filter>
    </ClInclude>
    <ClInclude Include="DebugCamera.h">
      <Filter>Headers</Filter>
    </ClInclude>
    <ClInclude Include="GLSL.h">
      <Filter>Headers</Filter>
    </ClInclude>
    <ClInclude Include="GuardEntity.h">
      <Filter>Headers</Filter>
    </ClInclude>
    <ClInclude Include="Material.h">
      <Filter>Headers</Filter>
    </ClInclude>
    <ClInclude Include="MeshSet.h">
      <Filter>Headers</Filter>
    </ClInclude>
    <ClInclude Include="PhongShader.h">
      <Filter>Headers</Filter>
    </ClInclude>
    <ClInclude Include="Shader.h">
      <Filter>Headers</Filter>
    </ClInclude>
    <ClInclude Include="Timer.h">
      <Filter>Headers</Filter>
    </ClInclude>
    <ClInclude Include="World.h">
      <Filter>Headers</Filter>
    </ClInclude>
    <ClInclude Include="PlayerCamera.h">
      <Filter>Headers</Filter>
    </ClInclude>
    <ClInclude Include="ProjectileMovementComponent.h">
      <Filter>Headers</Filter>
    </ClInclude>
    <ClInclude Include="Mesh.h">
      <Filter>Headers</Filter>
    </ClInclude>
    <ClInclude Include="ProjectileEntity.h">
      <Filter>Headers</Filter>
    </ClInclude>
    <ClInclude Include="ObstacleEntity.h">
      <Filter>Headers</Filter>
    </ClInclude>
    <ClInclude Include="tdogl\Bitmap.h">
      <Filter>Headers</Filter>
    </ClInclude>
    <ClInclude Include="tdogl\stb_image.h">
      <Filter>Headers</Filter>
    </ClInclude>
    <ClInclude Include="tdogl\Texture.h">
      <Filter>Headers</Filter>
    </ClInclude>
    <ClInclude Include="OctTree.h">
      <Filter>Headers</Filter>
    </ClInclude>
    <ClInclude Include="Voxel.h">
      <Filter>Headers</Filter>
    </ClInclude>
    <ClInclude Include="DebugShader.h">
      <Filter>Headers</Filter>
    </ClInclude>
    <ClInclude Include="TextureDebugShader.h">
      <Filter>Headers</Filter>
    </ClInclude>
    <ClInclude Include="FrustrumCulling.h">
      <Filter>Headers</Filter>
    </ClInclude>
    <ClInclude Include="BoundingBox.h">
      <Filter>Headers</Filter>
    </ClInclude>
    <ClInclude Include="Skybox.h">
      <Filter>Headers</Filter>
    </ClInclude>
    <ClInclude Include="SimpleTextureShader.h">
      <Filter>Headers</Filter>
    </ClInclude>
    <ClInclude Include="ChewyAnimationComponent.h">
      <Filter>Headers</Filter>
    </ClInclude>
    <ClInclude Include="Light.h">
      <Filter>Headers</Filter>
    </ClInclude>
    <ClInclude Include="LightEntity.h">
      <Filter>Headers</Filter>
    </ClInclude>
    <ClInclude Include="StencilShader.h">
      <Filter>DeferredShader</Filter>
    </ClInclude>
    <ClInclude Include="GBuffer.h">
      <Filter>DeferredShader</Filter>
    </ClInclude>
    <ClInclude Include="DeferredShader.h">
      <Filter>DeferredShader</Filter>
    </ClInclude>
    <ClInclude Include="DeferredRenderer.h">
      <Filter>DeferredShader</Filter>
    </ClInclude>
  </ItemGroup>
  <ItemGroup>
    <None Include="packages.config" />
    <None Include="phongFrag.glsl">
      <Filter>Shaders</Filter>
    </None>
    <None Include="phongVert.glsl">
      <Filter>Shaders</Filter>
    </None>
    <None Include="debugFrag.glsl">
      <Filter>Shaders</Filter>
    </None>
    <None Include="debugVert.glsl">
      <Filter>Shaders</Filter>
    </None>
    <None Include="TextureDebug.vertexshader">
      <Filter>Shaders</Filter>
    </None>
    <None Include="TextureDebug.fragmentshader">
      <Filter>Shaders</Filter>
    </None>
    <None Include="DeferredFragShader.glsl">
      <Filter>Shaders</Filter>
    </None>
    <None Include="DeferredVertRender.glsl">
      <Filter>Shaders</Filter>
    </None>
    <None Include="DeferredVertShader.glsl">
      <Filter>Shaders</Filter>
    </None>
    <None Include="simpleFrag.glsl">
      <Filter>Shaders</Filter>
    </None>
    <None Include="simpleVert.glsl">
      <Filter>Shaders</Filter>
    </None>
    <None Include="dirLightFrag.glsl">
      <Filter>Shaders</Filter>
    </None>
    <None Include="lightVert.glsl">
      <Filter>Shaders</Filter>
    </None>
    <None Include="DeferredFragRender.glsl">
      <Filter>Shaders</Filter>
    </None>
    <None Include="pointLightFrag.glsl">
      <Filter>Shaders</Filter>
    </None>
    <None Include="StencilVert.glsl">
      <Filter>Shaders</Filter>
    </None>
    <None Include="StencilFrag.glsl">
      <Filter>Shaders</Filter>
    </None>
  </ItemGroup>
  <ItemGroup>
    <Filter Include="Headers">
      <UniqueIdentifier>{dfc8b3af-1897-44ba-bd97-44a5e4844c83}</UniqueIdentifier>
    </Filter>
    <Filter Include="Source">
      <UniqueIdentifier>{0779bf17-c988-4cc1-9bf9-4c27b3c4de90}</UniqueIdentifier>
    </Filter>
    <Filter Include="Shaders">
      <UniqueIdentifier>{8a88a7cc-111d-48c4-a54f-70c13ccedef8}</UniqueIdentifier>
    </Filter>
    <Filter Include="DeferredShader">
      <UniqueIdentifier>{6dcbd46a-1231-4229-bca7-0dd0e49c0401}</UniqueIdentifier>
    </Filter>
  </ItemGroup>
</Project>