<?xml version="1.0" encoding="utf-8"?>
<Project ToolsVersion="4.0" xmlns="http://schemas.microsoft.com/developer/msbuild/2003">
  <ItemGroup>
    <ClCompile Include="ArcheryCamera.cpp" />
    <ClCompile Include="Camera.cpp" />
    <ClCompile Include="ChewyEntity.cpp" />
    <ClCompile Include="DebugCamera.cpp" />
    <ClCompile Include="GLSL.cpp" />
    <ClCompile Include="main.cpp" />
    <ClCompile Include="Material.cpp" />
    <ClCompile Include="Mesh.cpp" />
    <ClCompile Include="MeshSet.cpp" />
    <ClCompile Include="PhongShader.cpp" />
    <ClCompile Include="Shader.cpp" />
    <ClCompile Include="Timer.cpp" />
    <ClCompile Include="World.cpp" />
    <ClCompile Include="ChewyMovementComponent.cpp" />
  </ItemGroup>
  <ItemGroup>
    <ClInclude Include="ArcheryCamera.h" />
    <ClInclude Include="Camera.h" />
    <ClInclude Include="ChewyEntity.h" />
    <ClInclude Include="Component.h" />
    <ClInclude Include="DebugCamera.h" />
    <ClInclude Include="GameEntity.h" />
    <ClInclude Include="GLSL.h" />
    <ClInclude Include="Material.h" />
    <ClInclude Include="Mesh.h" />
    <ClInclude Include="MeshSet.h" />
    <ClInclude Include="PhongShader.h" />
    <ClInclude Include="Shader.h" />
    <ClInclude Include="Timer.h" />
    <ClInclude Include="World.h" />
    <ClInclude Include="ChewyMovementComponent.h" />
  </ItemGroup>
  <ItemGroup>
    <None Include="packages.config" />
    <None Include="phongFrag.glsl" />
    <None Include="phongVert.glsl" />
  </ItemGroup>
</Project>