<?xml version="1.0" encoding="utf-8"?>
<Project ToolsVersion="4.0" xmlns="http://schemas.microsoft.com/developer/msbuild/2003">
  <ItemGroup>
    <ClCompile Include="ArcheryCamera.cpp" />
    <ClCompile Include="Camera.cpp" />
    <ClCompile Include="ChewyEntity.cpp" />
    <ClCompile Include="DebugCamera.cpp" />
    <ClCompile Include="GLSL.cpp" />
    <ClCompile Include="main.cpp" />
    <ClCompile Include="Material.cpp" />
    <ClCompile Include="Mesh.cpp" />
    <ClCompile Include="MeshSet.cpp" />
    <ClCompile Include="PhongShader.cpp" />
    <ClCompile Include="Shader.cpp" />
    <ClCompile Include="Timer.cpp" />
    <ClCompile Include="World.cpp" />
    <ClCompile Include="ChewyMovementComponent.cpp" />
  </ItemGroup>
  <ItemGroup>
<<<<<<< HEAD
    <ClInclude Include="ArcheryCamera.h" />
    <ClInclude Include="Camera.h" />
    <ClInclude Include="ChewyEntity.h" />
    <ClInclude Include="Component.h" />
    <ClInclude Include="DebugCamera.h" />
    <ClInclude Include="GameEntity.h" />
    <ClInclude Include="GLSL.h" />
    <ClInclude Include="Material.h" />
    <ClInclude Include="Mesh.h" />
    <ClInclude Include="MeshSet.h" />
    <ClInclude Include="PhongShader.h" />
    <ClInclude Include="Shader.h" />
    <ClInclude Include="Timer.h" />
    <ClInclude Include="World.h" />
    <ClInclude Include="ChewyMovementComponent.h" />
  </ItemGroup>
  <ItemGroup>
    <None Include="packages.config" />
    <None Include="phongFrag.glsl" />
    <None Include="phongVert.glsl" />
=======
    <None Include="packages.config" />
    <None Include="phongFrag.glsl">
      <Filter>Resource Files</Filter>
    </None>
    <None Include="phongVert.glsl">
      <Filter>Resource Files</Filter>
    </None>
  </ItemGroup>
  <ItemGroup>
    <ClCompile Include="World.cpp">
      <Filter>Source Files</Filter>
    </ClCompile>
    <ClCompile Include="Timer.cpp">
      <Filter>Source Files</Filter>
    </ClCompile>
    <ClCompile Include="main.cpp">
      <Filter>Source Files</Filter>
    </ClCompile>
    <ClCompile Include="Shader.cpp">
      <Filter>Source Files</Filter>
    </ClCompile>
    <ClCompile Include="PhongShader.cpp">
      <Filter>Source Files</Filter>
    </ClCompile>
    <ClCompile Include="GLSL.cpp">
      <Filter>Source Files</Filter>
    </ClCompile>
    <ClCompile Include="Mesh.cpp">
      <Filter>Source Files</Filter>
    </ClCompile>
    <ClCompile Include="MeshSet.cpp">
      <Filter>Source Files</Filter>
    </ClCompile>
    <ClCompile Include="ChewyEntity.cpp">
      <Filter>Source Files</Filter>
    </ClCompile>
    <ClCompile Include="Material.cpp">
      <Filter>Source Files</Filter>
    </ClCompile>
    <ClCompile Include="Camera.cpp">
      <Filter>Source Files</Filter>
    </ClCompile>
    <ClCompile Include="DebugCamera.cpp">
      <Filter>Source Files</Filter>
    </ClCompile>
    <ClCompile Include="ArcheryCamera.cpp">
      <Filter>Source Files</Filter>
    </ClCompile>
    <ClCompile Include="PlayerCamera.cpp">
      <Filter>Source Files</Filter>
    </ClCompile>
  </ItemGroup>
  <ItemGroup>
    <ClInclude Include="World.h">
      <Filter>Header Files</Filter>
    </ClInclude>
    <ClInclude Include="Timer.h">
      <Filter>Header Files</Filter>
    </ClInclude>
    <ClInclude Include="Shader.h">
      <Filter>Header Files</Filter>
    </ClInclude>
    <ClInclude Include="GameEntity.h">
      <Filter>Header Files</Filter>
    </ClInclude>
    <ClInclude Include="Component.h">
      <Filter>Header Files</Filter>
    </ClInclude>
    <ClInclude Include="PhongShader.h">
      <Filter>Header Files</Filter>
    </ClInclude>
    <ClInclude Include="GLSL.h">
      <Filter>Header Files</Filter>
    </ClInclude>
    <ClInclude Include="Mesh.h">
      <Filter>Header Files</Filter>
    </ClInclude>
    <ClInclude Include="MeshSet.h">
      <Filter>Header Files</Filter>
    </ClInclude>
    <ClInclude Include="ChewyEntity.h">
      <Filter>Header Files</Filter>
    </ClInclude>
    <ClInclude Include="Material.h">
      <Filter>Header Files</Filter>
    </ClInclude>
    <ClInclude Include="Camera.h">
      <Filter>Header Files</Filter>
    </ClInclude>
    <ClInclude Include="DebugCamera.h">
      <Filter>Header Files</Filter>
    </ClInclude>
    <ClInclude Include="ArcheryCamera.h">
      <Filter>Header Files</Filter>
    </ClInclude>
    <ClInclude Include="PlayerCamera.h">
      <Filter>Header Files</Filter>
    </ClInclude>
>>>>>>> 32c6837656009abcbf3b3ced9b8a8a61831a2a64
  </ItemGroup>
</Project>